
Microsoft Visual Studio Solution File, Format Version 12.00
# Visual Studio Version 17
VisualStudioVersion = 17.6.33723.286
MinimumVisualStudioVersion = 10.0.40219.1
Project("{FAE04EC0-301F-11D3-BF4B-00C04F79EFBC}") = "pdfUI", "pdfUI\pdfUI.csproj", "{B1995F50-5A23-4993-85F6-6B70E357853C}"
EndProject
Global
	GlobalSection(SolutionConfigurationPlatforms) = preSolution
		Debug|Any CPU = Debug|Any CPU
		Release|Any CPU = Release|Any CPU
	EndGlobalSection
	GlobalSection(ProjectConfigurationPlatforms) = postSolution
		{B1995F50-5A23-4993-85F6-6B70E357853C}.Debug|Any CPU.ActiveCfg = Debug|Any CPU
		{B1995F50-5A23-4993-85F6-6B70E357853C}.Debug|Any CPU.Build.0 = Debug|Any CPU
		{B1995F50-5A23-4993-85F6-6B70E357853C}.Release|Any CPU.ActiveCfg = Release|Any CPU
		{B1995F50-5A23-4993-85F6-6B70E357853C}.Release|Any CPU.Build.0 = Release|Any CPU
	EndGlobalSection
	GlobalSection(SolutionProperties) = preSolution
		HideSolutionNode = FALSE
	EndGlobalSection
	GlobalSection(ExtensibilityGlobals) = postSolution
		SolutionGuid = {271D6549-E826-4B54-ABF0-64D3BA02CF69}
	EndGlobalSection
EndGlobal
